
Microsoft Visual Studio Solution File, Format Version 12.00
# Visual Studio 15
VisualStudioVersion = 15.0.27428.2037
MinimumVisualStudioVersion = 10.0.40219.1
Project("{FAE04EC0-301F-11D3-BF4B-00C04F79EFBC}") = "Arduino_Save_Receive_v2", "Arduino_Save_Receive_v2\Arduino_Save_Receive_v2.csproj", "{921E6E53-834C-4DDA-984C-04B261EABF18}"
EndProject
Global
	GlobalSection(SolutionConfigurationPlatforms) = preSolution
		Debug|Any CPU = Debug|Any CPU
		Release|Any CPU = Release|Any CPU
	EndGlobalSection
	GlobalSection(ProjectConfigurationPlatforms) = postSolution
		{921E6E53-834C-4DDA-984C-04B261EABF18}.Debug|Any CPU.ActiveCfg = Debug|Any CPU
		{921E6E53-834C-4DDA-984C-04B261EABF18}.Debug|Any CPU.Build.0 = Debug|Any CPU
		{921E6E53-834C-4DDA-984C-04B261EABF18}.Release|Any CPU.ActiveCfg = Release|Any CPU
		{921E6E53-834C-4DDA-984C-04B261EABF18}.Release|Any CPU.Build.0 = Release|Any CPU
	EndGlobalSection
	GlobalSection(SolutionProperties) = preSolution
		HideSolutionNode = FALSE
	EndGlobalSection
	GlobalSection(ExtensibilityGlobals) = postSolution
		SolutionGuid = {38D71653-E407-4699-8806-A85C9BBD859C}
	EndGlobalSection
EndGlobal
